
Microsoft Visual Studio Solution File, Format Version 12.00
# Visual Studio Version 17
VisualStudioVersion = 17.5.002.0
MinimumVisualStudioVersion = 10.0.40219.1
Project("{9A19103F-16F7-4668-BE54-9A1E7A4F7556}") = "ApiTest", "ApiTest.csproj", "{7D0665C7-7239-40C4-A381-A279D7CA1EAD}"
EndProject
Global
	GlobalSection(SolutionConfigurationPlatforms) = preSolution
		Debug|Any CPU = Debug|Any CPU
		Release|Any CPU = Release|Any CPU
	EndGlobalSection
	GlobalSection(ProjectConfigurationPlatforms) = postSolution
		{7D0665C7-7239-40C4-A381-A279D7CA1EAD}.Debug|Any CPU.ActiveCfg = Debug|Any CPU
		{7D0665C7-7239-40C4-A381-A279D7CA1EAD}.Debug|Any CPU.Build.0 = Debug|Any CPU
		{7D0665C7-7239-40C4-A381-A279D7CA1EAD}.Release|Any CPU.ActiveCfg = Release|Any CPU
		{7D0665C7-7239-40C4-A381-A279D7CA1EAD}.Release|Any CPU.Build.0 = Release|Any CPU
	EndGlobalSection
	GlobalSection(SolutionProperties) = preSolution
		HideSolutionNode = FALSE
	EndGlobalSection
	GlobalSection(ExtensibilityGlobals) = postSolution
		SolutionGuid = {822136EC-D477-45C6-830B-3EC21B96113F}
	EndGlobalSection
EndGlobal
